
Microsoft Visual Studio Solution File, Format Version 12.00
# Visual Studio Version 16
VisualStudioVersion = 16.0.31515.178
MinimumVisualStudioVersion = 10.0.40219.1
Project("{2150E333-8FDC-42A3-9474-1A3956D46DE8}") = "Services", "Services", "{C4EF278E-7CB1-4217-8FD8-495A21B527CF}"
EndProject
Project("{2150E333-8FDC-42A3-9474-1A3956D46DE8}") = "Catalog", "Catalog", "{82BA93EF-6485-47E0-9522-382B05F9FA83}"
EndProject
Project("{9A19103F-16F7-4668-BE54-9A1E7A4F7556}") = "Catalog.Api", "Services\Catalog\Catalog.Api\Catalog.Api.csproj", "{C1CC27FC-089E-433D-AED1-E99D2CD669EF}"
EndProject
Project("{E53339B2-1760-4266-BCC7-CA923CBCF16C}") = "docker-compose", "docker-compose.dcproj", "{1298CB13-F93D-47D4-B55F-C0E122DDFFF6}"
EndProject
Project("{2150E333-8FDC-42A3-9474-1A3956D46DE8}") = "Basket", "Basket", "{2D66F8A9-42A8-43D4-9509-8C88B1BB9B49}"
EndProject
Project("{9A19103F-16F7-4668-BE54-9A1E7A4F7556}") = "Basket.Api", "Services\Basket\Basket.Api\Basket.Api.csproj", "{DEFEF9FB-7778-477B-8FCB-D16846CEA7E8}"
EndProject
Project("{2150E333-8FDC-42A3-9474-1A3956D46DE8}") = "Discount", "Discount", "{66F021BB-992A-4357-AC12-B98AC39041DA}"
EndProject
Project("{9A19103F-16F7-4668-BE54-9A1E7A4F7556}") = "Discount.Api", "Services\Discount\Discount.Api\Discount.Api.csproj", "{13FC682F-30EB-4045-8FD1-1C0CA281CB70}"
EndProject
Project("{9A19103F-16F7-4668-BE54-9A1E7A4F7556}") = "Discount.Grpc", "Services\Discount\Discount.Grpc\Discount.Grpc.csproj", "{5C83E3CC-E8D9-486F-B1DF-0BE1699BA063}"
EndProject
Project("{2150E333-8FDC-42A3-9474-1A3956D46DE8}") = "Ordering", "Ordering", "{8FD83845-BEAE-4F67-8E5F-7DF7918A5A72}"
EndProject
Project("{FAE04EC0-301F-11D3-BF4B-00C04F79EFBC}") = "Ordering.API", "Services\Ordering\Ordering.API\Ordering.API.csproj", "{EEFB783A-C0BF-4697-A728-041A28CB35D6}"
EndProject
Project("{FAE04EC0-301F-11D3-BF4B-00C04F79EFBC}") = "Ordering.Domain", "Services\Ordering\Ordering.Domain\Ordering.Domain.csproj", "{3BA3DB89-4567-4D0A-80E7-A843499BF988}"
EndProject
Project("{FAE04EC0-301F-11D3-BF4B-00C04F79EFBC}") = "Ordering.Application", "Services\Ordering\Ordering.Application\Ordering.Application.csproj", "{BE905D32-CE65-4DEF-B9EF-8257916980FE}"
EndProject
Project("{FAE04EC0-301F-11D3-BF4B-00C04F79EFBC}") = "Ordering.Infrastructure", "Services\Ordering\Ordering.Infrastructure\Ordering.Infrastructure.csproj", "{E0DEFCEC-079D-45F5-980A-FCC5A1A659A1}"
EndProject
Global
	GlobalSection(SolutionConfigurationPlatforms) = preSolution
		Debug|Any CPU = Debug|Any CPU
		Release|Any CPU = Release|Any CPU
	EndGlobalSection
	GlobalSection(ProjectConfigurationPlatforms) = postSolution
		{C1CC27FC-089E-433D-AED1-E99D2CD669EF}.Debug|Any CPU.ActiveCfg = Debug|Any CPU
		{C1CC27FC-089E-433D-AED1-E99D2CD669EF}.Debug|Any CPU.Build.0 = Debug|Any CPU
		{C1CC27FC-089E-433D-AED1-E99D2CD669EF}.Release|Any CPU.ActiveCfg = Release|Any CPU
		{C1CC27FC-089E-433D-AED1-E99D2CD669EF}.Release|Any CPU.Build.0 = Release|Any CPU
		{1298CB13-F93D-47D4-B55F-C0E122DDFFF6}.Debug|Any CPU.ActiveCfg = Debug|Any CPU
		{1298CB13-F93D-47D4-B55F-C0E122DDFFF6}.Debug|Any CPU.Build.0 = Debug|Any CPU
		{1298CB13-F93D-47D4-B55F-C0E122DDFFF6}.Release|Any CPU.ActiveCfg = Release|Any CPU
		{1298CB13-F93D-47D4-B55F-C0E122DDFFF6}.Release|Any CPU.Build.0 = Release|Any CPU
		{DEFEF9FB-7778-477B-8FCB-D16846CEA7E8}.Debug|Any CPU.ActiveCfg = Debug|Any CPU
		{DEFEF9FB-7778-477B-8FCB-D16846CEA7E8}.Debug|Any CPU.Build.0 = Debug|Any CPU
		{DEFEF9FB-7778-477B-8FCB-D16846CEA7E8}.Release|Any CPU.ActiveCfg = Release|Any CPU
		{DEFEF9FB-7778-477B-8FCB-D16846CEA7E8}.Release|Any CPU.Build.0 = Release|Any CPU
		{13FC682F-30EB-4045-8FD1-1C0CA281CB70}.Debug|Any CPU.ActiveCfg = Debug|Any CPU
		{13FC682F-30EB-4045-8FD1-1C0CA281CB70}.Debug|Any CPU.Build.0 = Debug|Any CPU
		{13FC682F-30EB-4045-8FD1-1C0CA281CB70}.Release|Any CPU.ActiveCfg = Release|Any CPU
		{13FC682F-30EB-4045-8FD1-1C0CA281CB70}.Release|Any CPU.Build.0 = Release|Any CPU
		{5C83E3CC-E8D9-486F-B1DF-0BE1699BA063}.Debug|Any CPU.ActiveCfg = Debug|Any CPU
		{5C83E3CC-E8D9-486F-B1DF-0BE1699BA063}.Debug|Any CPU.Build.0 = Debug|Any CPU
		{5C83E3CC-E8D9-486F-B1DF-0BE1699BA063}.Release|Any CPU.ActiveCfg = Release|Any CPU
		{5C83E3CC-E8D9-486F-B1DF-0BE1699BA063}.Release|Any CPU.Build.0 = Release|Any CPU
		{EEFB783A-C0BF-4697-A728-041A28CB35D6}.Debug|Any CPU.ActiveCfg = Debug|Any CPU
		{EEFB783A-C0BF-4697-A728-041A28CB35D6}.Debug|Any CPU.Build.0 = Debug|Any CPU
		{EEFB783A-C0BF-4697-A728-041A28CB35D6}.Release|Any CPU.ActiveCfg = Release|Any CPU
		{EEFB783A-C0BF-4697-A728-041A28CB35D6}.Release|Any CPU.Build.0 = Release|Any CPU
		{3BA3DB89-4567-4D0A-80E7-A843499BF988}.Debug|Any CPU.ActiveCfg = Debug|Any CPU
		{3BA3DB89-4567-4D0A-80E7-A843499BF988}.Debug|Any CPU.Build.0 = Debug|Any CPU
		{3BA3DB89-4567-4D0A-80E7-A843499BF988}.Release|Any CPU.ActiveCfg = Release|Any CPU
		{3BA3DB89-4567-4D0A-80E7-A843499BF988}.Release|Any CPU.Build.0 = Release|Any CPU
		{BE905D32-CE65-4DEF-B9EF-8257916980FE}.Debug|Any CPU.ActiveCfg = Debug|Any CPU
		{BE905D32-CE65-4DEF-B9EF-8257916980FE}.Debug|Any CPU.Build.0 = Debug|Any CPU
		{BE905D32-CE65-4DEF-B9EF-8257916980FE}.Release|Any CPU.ActiveCfg = Release|Any CPU
		{BE905D32-CE65-4DEF-B9EF-8257916980FE}.Release|Any CPU.Build.0 = Release|Any CPU
		{E0DEFCEC-079D-45F5-980A-FCC5A1A659A1}.Debug|Any CPU.ActiveCfg = Debug|Any CPU
		{E0DEFCEC-079D-45F5-980A-FCC5A1A659A1}.Debug|Any CPU.Build.0 = Debug|Any CPU
		{E0DEFCEC-079D-45F5-980A-FCC5A1A659A1}.Release|Any CPU.ActiveCfg = Release|Any CPU
		{E0DEFCEC-079D-45F5-980A-FCC5A1A659A1}.Release|Any CPU.Build.0 = Release|Any CPU
	EndGlobalSection
	GlobalSection(SolutionProperties) = preSolution
		HideSolutionNode = FALSE
	EndGlobalSection
	GlobalSection(NestedProjects) = preSolution
		{82BA93EF-6485-47E0-9522-382B05F9FA83} = {C4EF278E-7CB1-4217-8FD8-495A21B527CF}
		{C1CC27FC-089E-433D-AED1-E99D2CD669EF} = {82BA93EF-6485-47E0-9522-382B05F9FA83}
		{2D66F8A9-42A8-43D4-9509-8C88B1BB9B49} = {C4EF278E-7CB1-4217-8FD8-495A21B527CF}
		{DEFEF9FB-7778-477B-8FCB-D16846CEA7E8} = {2D66F8A9-42A8-43D4-9509-8C88B1BB9B49}
		{66F021BB-992A-4357-AC12-B98AC39041DA} = {C4EF278E-7CB1-4217-8FD8-495A21B527CF}
		{13FC682F-30EB-4045-8FD1-1C0CA281CB70} = {66F021BB-992A-4357-AC12-B98AC39041DA}
		{5C83E3CC-E8D9-486F-B1DF-0BE1699BA063} = {66F021BB-992A-4357-AC12-B98AC39041DA}
		{8FD83845-BEAE-4F67-8E5F-7DF7918A5A72} = {C4EF278E-7CB1-4217-8FD8-495A21B527CF}
		{EEFB783A-C0BF-4697-A728-041A28CB35D6} = {8FD83845-BEAE-4F67-8E5F-7DF7918A5A72}
		{3BA3DB89-4567-4D0A-80E7-A843499BF988} = {8FD83845-BEAE-4F67-8E5F-7DF7918A5A72}
		{BE905D32-CE65-4DEF-B9EF-8257916980FE} = {8FD83845-BEAE-4F67-8E5F-7DF7918A5A72}
		{E0DEFCEC-079D-45F5-980A-FCC5A1A659A1} = {8FD83845-BEAE-4F67-8E5F-7DF7918A5A72}
	EndGlobalSection
	GlobalSection(ExtensibilityGlobals) = postSolution
		SolutionGuid = {FE60A7C4-61B8-4604-B719-0B5E28D0FA03}
	EndGlobalSection
EndGlobal
